Microsoft Visual Studio Solution File, Format Version 12.00
# Visual Studio Version 17
VisualStudioVersion = 17.5.2.0
MinimumVisualStudioVersion = 10.0.40219.1
Project("{FAE04EC0-301F-11D3-BF4B-00C04F79EFBC}") = "balazorserver2", "balazorserver2.csproj", "{434F295B-573D-5F38-391C-A97235B442EB}"
EndProject
Global
	GlobalSection(SolutionConfigurationPlatforms) = preSolution
		Debug|Any CPU = Debug|Any CPU
		Release|Any CPU = Release|Any CPU
	EndGlobalSection
	GlobalSection(ProjectConfigurationPlatforms) = postSolution
		{434F295B-573D-5F38-391C-A97235B442EB}.Debug|Any CPU.ActiveCfg = Debug|Any CPU
		{434F295B-573D-5F38-391C-A97235B442EB}.Debug|Any CPU.Build.0 = Debug|Any CPU
		{434F295B-573D-5F38-391C-A97235B442EB}.Release|Any CPU.ActiveCfg = Release|Any CPU
		{434F295B-573D-5F38-391C-A97235B442EB}.Release|Any CPU.Build.0 = Release|Any CPU
	EndGlobalSection
	GlobalSection(SolutionProperties) = preSolution
		HideSolutionNode = FALSE
	EndGlobalSection
	GlobalSection(ExtensibilityGlobals) = postSolution
		SolutionGuid = {F485A18C-7618-43F7-B2B5-59E631D6103A}
	EndGlobalSection
EndGlobal
